
Microsoft Visual Studio Solution File, Format Version 12.00
# Visual Studio 15
VisualStudioVersion = 15.0.27323.2
MinimumVisualStudioVersion = 10.0.40219.1
Project("{9A19103F-16F7-4668-BE54-9A1E7A4F7556}") = "KubernetesBindingsSample", "CustomBindingsSample\KubernetesBindingsSample.csproj", "{469D505A-65DA-4E28-844A-E345BC6AAC14}"
EndProject
Project("{9A19103F-16F7-4668-BE54-9A1E7A4F7556}") = "KubernetesBindings", "CustomBindings\KubernetesBindings.csproj", "{5EB817B8-DEDD-4EC2-9FB8-3AAE2ED24615}"
EndProject
Project("{9A19103F-16F7-4668-BE54-9A1E7A4F7556}") = "JobHostSample", "JobHostSample\JobHostSample.csproj", "{D7409B24-0BBD-44EB-9C49-4ADE24EDB0EE}"
EndProject
Project("{FAE04EC0-301F-11D3-BF4B-00C04F79EFBC}") = "KubernetesRestSpike", "KubernetesRestSpike\KubernetesRestSpike.csproj", "{2C7987B0-46AC-4817-849F-FEF7C92F4664}"
EndProject
Global
	GlobalSection(SolutionConfigurationPlatforms) = preSolution
		Debug|Any CPU = Debug|Any CPU
		Release|Any CPU = Release|Any CPU
	EndGlobalSection
	GlobalSection(ProjectConfigurationPlatforms) = postSolution
		{469D505A-65DA-4E28-844A-E345BC6AAC14}.Debug|Any CPU.ActiveCfg = Debug|Any CPU
		{469D505A-65DA-4E28-844A-E345BC6AAC14}.Debug|Any CPU.Build.0 = Debug|Any CPU
		{469D505A-65DA-4E28-844A-E345BC6AAC14}.Release|Any CPU.ActiveCfg = Release|Any CPU
		{469D505A-65DA-4E28-844A-E345BC6AAC14}.Release|Any CPU.Build.0 = Release|Any CPU
		{5EB817B8-DEDD-4EC2-9FB8-3AAE2ED24615}.Debug|Any CPU.ActiveCfg = Debug|Any CPU
		{5EB817B8-DEDD-4EC2-9FB8-3AAE2ED24615}.Debug|Any CPU.Build.0 = Debug|Any CPU
		{5EB817B8-DEDD-4EC2-9FB8-3AAE2ED24615}.Release|Any CPU.ActiveCfg = Release|Any CPU
		{5EB817B8-DEDD-4EC2-9FB8-3AAE2ED24615}.Release|Any CPU.Build.0 = Release|Any CPU
		{D7409B24-0BBD-44EB-9C49-4ADE24EDB0EE}.Debug|Any CPU.ActiveCfg = Debug|Any CPU
		{D7409B24-0BBD-44EB-9C49-4ADE24EDB0EE}.Debug|Any CPU.Build.0 = Debug|Any CPU
		{D7409B24-0BBD-44EB-9C49-4ADE24EDB0EE}.Release|Any CPU.ActiveCfg = Release|Any CPU
		{D7409B24-0BBD-44EB-9C49-4ADE24EDB0EE}.Release|Any CPU.Build.0 = Release|Any CPU
		{2C7987B0-46AC-4817-849F-FEF7C92F4664}.Debug|Any CPU.ActiveCfg = Debug|Any CPU
		{2C7987B0-46AC-4817-849F-FEF7C92F4664}.Debug|Any CPU.Build.0 = Debug|Any CPU
		{2C7987B0-46AC-4817-849F-FEF7C92F4664}.Release|Any CPU.ActiveCfg = Release|Any CPU
		{2C7987B0-46AC-4817-849F-FEF7C92F4664}.Release|Any CPU.Build.0 = Release|Any CPU
	EndGlobalSection
	GlobalSection(SolutionProperties) = preSolution
		HideSolutionNode = FALSE
	EndGlobalSection
	GlobalSection(ExtensibilityGlobals) = postSolution
		SolutionGuid = {6B937DAB-9F1E-4020-A41E-FCF5F90FEF5F}
	EndGlobalSection
EndGlobal
